// !$*UTF8*$!
{
	archiveVersion = 1;
	classes = {
	};
	objectVersion = 56;
	objects = {

/* Begin PBXBuildFile section */
		00CAB0266B151337A4B5445B /* Pods_rob_listTests.framework in Frameworks */ = {isa = PBXBuildFile; fileRef = 4E15765B410A1CE3742C47A8 /* Pods_rob_listTests.framework */; };
		1CA41C9BFE86E9677393D3BE /* Pods_rob_list.framework in Frameworks */ = {isa = PBXBuildFile; fileRef = 70F01E270066F1777FF462EF /* Pods_rob_list.framework */; };
		3CB77CB02A66662F0065C8BC /* AppDelegate.swift in Sources */ = {isa = PBXBuildFile; fileRef = 3CB77CAF2A66662F0065C8BC /* AppDelegate.swift */; };
		3CB77CB22A66662F0065C8BC /* SceneDelegate.swift in Sources */ = {isa = PBXBuildFile; fileRef = 3CB77CB12A66662F0065C8BC /* SceneDelegate.swift */; };
		3CB77CB42A66662F0065C8BC /* ViewController.swift in Sources */ = {isa = PBXBuildFile; fileRef = 3CB77CB32A66662F0065C8BC /* ViewController.swift */; };
		3CB77CB72A66662F0065C8BC /* Main.storyboard in Resources */ = {isa = PBXBuildFile; fileRef = 3CB77CB52A66662F0065C8BC /* Main.storyboard */; };
		3CB77CBA2A66662F0065C8BC /* rob_list.xcdatamodeld in Sources */ = {isa = PBXBuildFile; fileRef = 3CB77CB82A66662F0065C8BC /* rob_list.xcdatamodeld */; };
		3CB77CBC2A6666300065C8BC /* Assets.xcassets in Resources */ = {isa = PBXBuildFile; fileRef = 3CB77CBB2A6666300065C8BC /* Assets.xcassets */; };
		3CB77CBF2A6666300065C8BC /* LaunchScreen.storyboard in Resources */ = {isa = PBXBuildFile; fileRef = 3CB77CBD2A6666300065C8BC /* LaunchScreen.storyboard */; };
		3CB77CCA2A6666310065C8BC /* rob_listTests.swift in Sources */ = {isa = PBXBuildFile; fileRef = 3CB77CC92A6666310065C8BC /* rob_listTests.swift */; };
		3CB77CD42A6666310065C8BC /* rob_listUITests.swift in Sources */ = {isa = PBXBuildFile; fileRef = 3CB77CD32A6666310065C8BC /* rob_listUITests.swift */; };
		3CB77CD62A6666310065C8BC /* rob_listUITestsLaunchTests.swift in Sources */ = {isa = PBXBuildFile; fileRef = 3CB77CD52A6666310065C8BC /* rob_listUITestsLaunchTests.swift */; };
		3CB77CE42A6757810065C8BC /* FeedViewController.swift in Sources */ = {isa = PBXBuildFile; fileRef = 3CB77CE32A6757810065C8BC /* FeedViewController.swift */; };
		3CB77CE82A6783B10065C8BC /* SearchViewController.swift in Sources */ = {isa = PBXBuildFile; fileRef = 3CB77CE72A6783B10065C8BC /* SearchViewController.swift */; };
		3CB77CEA2A67AEA70065C8BC /* ProfileViewController.swift in Sources */ = {isa = PBXBuildFile; fileRef = 3CB77CE92A67AEA70065C8BC /* ProfileViewController.swift */; };
		3CC420D62A69F3C100CB1B4E /* dbDefinitions.swift in Sources */ = {isa = PBXBuildFile; fileRef = 3CC420D52A69F3C100CB1B4E /* dbDefinitions.swift */; };
		59E290B0DF099BC7E9595C27 /* Pods_rob_list_rob_listUITests.framework in Frameworks */ = {isa = PBXBuildFile; fileRef = 844B7061F50B8F2E42418C74 /* Pods_rob_list_rob_listUITests.framework */; };
/* End PBXBuildFile section */

/* Begin PBXContainerItemProxy section */
		3CB77CC62A6666310065C8BC /* PBXContainerItemProxy */ = {
			isa = PBXContainerItemProxy;
			containerPortal = 3CB77CA42A66662F0065C8BC /* Project object */;
			proxyType = 1;
			remoteGlobalIDString = 3CB77CAB2A66662F0065C8BC;
			remoteInfo = "rob list";
		};
		3CB77CD02A6666310065C8BC /* PBXContainerItemProxy */ = {
			isa = PBXContainerItemProxy;
			containerPortal = 3CB77CA42A66662F0065C8BC /* Project object */;
			proxyType = 1;
			remoteGlobalIDString = 3CB77CAB2A66662F0065C8BC;
			remoteInfo = "rob list";
		};
/* End PBXContainerItemProxy section */

/* Begin PBXFileReference section */
		348596D4A06B18CED4740993 /* Pods-rob listTests.release.xcconfig */ = {isa = PBXFileReference; includeInIndex = 1; lastKnownFileType = text.xcconfig; name = "Pods-rob listTests.release.xcconfig"; path = "Target Support Files/Pods-rob listTests/Pods-rob listTests.release.xcconfig"; sourceTree = "<group>"; };
		3CB77CAC2A66662F0065C8BC /* rob list.app */ = {isa = PBXFileReference; explicitFileType = wrapper.application; includeInIndex = 0; path = "rob list.app"; sourceTree = BUILT_PRODUCTS_DIR; };
		3CB77CAF2A66662F0065C8BC /* AppDelegate.swift */ = {isa = PBXFileReference; lastKnownFileType = sourcecode.swift; path = AppDelegate.swift; sourceTree = "<group>"; };
		3CB77CB12A66662F0065C8BC /* SceneDelegate.swift */ = {isa = PBXFileReference; lastKnownFileType = sourcecode.swift; path = SceneDelegate.swift; sourceTree = "<group>"; };
		3CB77CB32A66662F0065C8BC /* ViewController.swift */ = {isa = PBXFileReference; lastKnownFileType = sourcecode.swift; path = ViewController.swift; sourceTree = "<group>"; };
		3CB77CB62A66662F0065C8BC /* Base */ = {isa = PBXFileReference; lastKnownFileType = file.storyboard; name = Base; path = Base.lproj/Main.storyboard; sourceTree = "<group>"; };
		3CB77CB92A66662F0065C8BC /* rob_list.xcdatamodel */ = {isa = PBXFileReference; lastKnownFileType = wrapper.xcdatamodel; path = rob_list.xcdatamodel; sourceTree = "<group>"; };
		3CB77CBB2A6666300065C8BC /* Assets.xcassets */ = {isa = PBXFileReference; lastKnownFileType = folder.assetcatalog; path = Assets.xcassets; sourceTree = "<group>"; };
		3CB77CBE2A6666300065C8BC /* Base */ = {isa = PBXFileReference; lastKnownFileType = file.storyboard; name = Base; path = Base.lproj/LaunchScreen.storyboard; sourceTree = "<group>"; };
		3CB77CC02A6666300065C8BC /* Info.plist */ = {isa = PBXFileReference; lastKnownFileType = text.plist.xml; path = Info.plist; sourceTree = "<group>"; };
		3CB77CC52A6666310065C8BC /* rob listTests.xctest */ = {isa = PBXFileReference; explicitFileType = wrapper.cfbundle; includeInIndex = 0; path = "rob listTests.xctest"; sourceTree = BUILT_PRODUCTS_DIR; };
		3CB77CC92A6666310065C8BC /* rob_listTests.swift */ = {isa = PBXFileReference; lastKnownFileType = sourcecode.swift; path = rob_listTests.swift; sourceTree = "<group>"; };
		3CB77CCF2A6666310065C8BC /* rob listUITests.xctest */ = {isa = PBXFileReference; explicitFileType = wrapper.cfbundle; includeInIndex = 0; path = "rob listUITests.xctest"; sourceTree = BUILT_PRODUCTS_DIR; };
		3CB77CD32A6666310065C8BC /* rob_listUITests.swift */ = {isa = PBXFileReference; lastKnownFileType = sourcecode.swift; path = rob_listUITests.swift; sourceTree = "<group>"; };
		3CB77CD52A6666310065C8BC /* rob_listUITestsLaunchTests.swift */ = {isa = PBXFileReference; lastKnownFileType = sourcecode.swift; path = rob_listUITestsLaunchTests.swift; sourceTree = "<group>"; };
		3CB77CE32A6757810065C8BC /* FeedViewController.swift */ = {isa = PBXFileReference; lastKnownFileType = sourcecode.swift; path = FeedViewController.swift; sourceTree = "<group>"; };
		3CB77CE72A6783B10065C8BC /* SearchViewController.swift */ = {isa = PBXFileReference; lastKnownFileType = sourcecode.swift; path = SearchViewController.swift; sourceTree = "<group>"; };
		3CB77CE92A67AEA70065C8BC /* ProfileViewController.swift */ = {isa = PBXFileReference; lastKnownFileType = sourcecode.swift; path = ProfileViewController.swift; sourceTree = "<group>"; };
		3CC420D42A68F55300CB1B4E /* Config.xcconfig */ = {isa = PBXFileReference; lastKnownFileType = text.xcconfig; path = Config.xcconfig; sourceTree = "<group>"; };
		3CC420D52A69F3C100CB1B4E /* dbDefinitions.swift */ = {isa = PBXFileReference; lastKnownFileType = sourcecode.swift; path = dbDefinitions.swift; sourceTree = "<group>"; };
		4E15765B410A1CE3742C47A8 /* Pods_rob_listTests.framework */ = {isa = PBXFileReference; explicitFileType = wrapper.framework; includeInIndex = 0; path = Pods_rob_listTests.framework; sourceTree = BUILT_PRODUCTS_DIR; };
		70F01E270066F1777FF462EF /* Pods_rob_list.framework */ = {isa = PBXFileReference; explicitFileType = wrapper.framework; includeInIndex = 0; path = Pods_rob_list.framework; sourceTree = BUILT_PRODUCTS_DIR; };
		844B7061F50B8F2E42418C74 /* Pods_rob_list_rob_listUITests.framework */ = {isa = PBXFileReference; explicitFileType = wrapper.framework; includeInIndex = 0; path = Pods_rob_list_rob_listUITests.framework; sourceTree = BUILT_PRODUCTS_DIR; };
		8E94D7E47FDF1F0A30880546 /* Pods-rob list-rob listUITests.debug.xcconfig */ = {isa = PBXFileReference; includeInIndex = 1; lastKnownFileType = text.xcconfig; name = "Pods-rob list-rob listUITests.debug.xcconfig"; path = "Target Support Files/Pods-rob list-rob listUITests/Pods-rob list-rob listUITests.debug.xcconfig"; sourceTree = "<group>"; };
		93D199735C4B0D93F9C09ECD /* Pods-rob list.debug.xcconfig */ = {isa = PBXFileReference; includeInIndex = 1; lastKnownFileType = text.xcconfig; name = "Pods-rob list.debug.xcconfig"; path = "Target Support Files/Pods-rob list/Pods-rob list.debug.xcconfig"; sourceTree = "<group>"; };
		B0B5E0619DF045B1C7DDB28B /* Pods-rob listTests.debug.xcconfig */ = {isa = PBXFileReference; includeInIndex = 1; lastKnownFileType = text.xcconfig; name = "Pods-rob listTests.debug.xcconfig"; path = "Target Support Files/Pods-rob listTests/Pods-rob listTests.debug.xcconfig"; sourceTree = "<group>"; };
		C3A4ED337BBFD7EBFEADAF53 /* Pods-rob list.release.xcconfig */ = {isa = PBXFileReference; includeInIndex = 1; lastKnownFileType = text.xcconfig; name = "Pods-rob list.release.xcconfig"; path = "Target Support Files/Pods-rob list/Pods-rob list.release.xcconfig"; sourceTree = "<group>"; };
		D8DE7973A49303412BC4213D /* Pods-rob list-rob listUITests.release.xcconfig */ = {isa = PBXFileReference; includeInIndex = 1; lastKnownFileType = text.xcconfig; name = "Pods-rob list-rob listUITests.release.xcconfig"; path = "Target Support Files/Pods-rob list-rob listUITests/Pods-rob list-rob listUITests.release.xcconfig"; sourceTree = "<group>"; };
/* End PBXFileReference section */

/* Begin PBXFrameworksBuildPhase section */
		3CB77CA92A66662F0065C8BC /* Frameworks */ = {
			isa = PBXFrameworksBuildPhase;
			buildActionMask = 2147483647;
			files = (
				1CA41C9BFE86E9677393D3BE /* Pods_rob_list.framework in Frameworks */,
			);
			runOnlyForDeploymentPostprocessing = 0;
		};
		3CB77CC22A6666310065C8BC /* Frameworks */ = {
			isa = PBXFrameworksBuildPhase;
			buildActionMask = 2147483647;
			files = (
				00CAB0266B151337A4B5445B /* Pods_rob_listTests.framework in Frameworks */,
			);
			runOnlyForDeploymentPostprocessing = 0;
		};
		3CB77CCC2A6666310065C8BC /* Frameworks */ = {
			isa = PBXFrameworksBuildPhase;
			buildActionMask = 2147483647;
			files = (
				59E290B0DF099BC7E9595C27 /* Pods_rob_list_rob_listUITests.framework in Frameworks */,
			);
			runOnlyForDeploymentPostprocessing = 0;
		};
/* End PBXFrameworksBuildPhase section */

/* Begin PBXGroup section */
		22E32E59A406AC0AFE932555 /* Frameworks */ = {
			isa = PBXGroup;
			children = (
				70F01E270066F1777FF462EF /* Pods_rob_list.framework */,
				844B7061F50B8F2E42418C74 /* Pods_rob_list_rob_listUITests.framework */,
				4E15765B410A1CE3742C47A8 /* Pods_rob_listTests.framework */,
			);
			name = Frameworks;
			sourceTree = "<group>";
		};
		3CB77CA32A66662F0065C8BC = {
			isa = PBXGroup;
			children = (
				3CB77CAE2A66662F0065C8BC /* rob list */,
				3CB77CC82A6666310065C8BC /* rob listTests */,
				3CB77CD22A6666310065C8BC /* rob listUITests */,
				3CB77CAD2A66662F0065C8BC /* Products */,
				CFB04ED1A2C6524E5714A9FE /* Pods */,
				22E32E59A406AC0AFE932555 /* Frameworks */,
			);
			sourceTree = "<group>";
		};
		3CB77CAD2A66662F0065C8BC /* Products */ = {
			isa = PBXGroup;
			children = (
				3CB77CAC2A66662F0065C8BC /* rob list.app */,
				3CB77CC52A6666310065C8BC /* rob listTests.xctest */,
				3CB77CCF2A6666310065C8BC /* rob listUITests.xctest */,
			);
			name = Products;
			sourceTree = "<group>";
		};
		3CB77CAE2A66662F0065C8BC /* rob list */ = {
			isa = PBXGroup;
			children = (
				3CB77CAF2A66662F0065C8BC /* AppDelegate.swift */,
				3CB77CB12A66662F0065C8BC /* SceneDelegate.swift */,
				3CB77CB32A66662F0065C8BC /* ViewController.swift */,
				3CC420D42A68F55300CB1B4E /* Config.xcconfig */,
				3CB77CB52A66662F0065C8BC /* Main.storyboard */,
				3CB77CE92A67AEA70065C8BC /* ProfileViewController.swift */,
				3CB77CE72A6783B10065C8BC /* SearchViewController.swift */,
				3CC420D52A69F3C100CB1B4E /* dbDefinitions.swift */,
				3CB77CE32A6757810065C8BC /* FeedViewController.swift */,
				3CB77CBB2A6666300065C8BC /* Assets.xcassets */,
				3CB77CBD2A6666300065C8BC /* LaunchScreen.storyboard */,
				3CB77CC02A6666300065C8BC /* Info.plist */,
				3CB77CB82A66662F0065C8BC /* rob_list.xcdatamodeld */,
			);
			path = "rob list";
			sourceTree = "<group>";
		};
		3CB77CC82A6666310065C8BC /* rob listTests */ = {
			isa = PBXGroup;
			children = (
				3CB77CC92A6666310065C8BC /* rob_listTests.swift */,
			);
			path = "rob listTests";
			sourceTree = "<group>";
		};
		3CB77CD22A6666310065C8BC /* rob listUITests */ = {
			isa = PBXGroup;
			children = (
				3CB77CD32A6666310065C8BC /* rob_listUITests.swift */,
				3CB77CD52A6666310065C8BC /* rob_listUITestsLaunchTests.swift */,
			);
			path = "rob listUITests";
			sourceTree = "<group>";
		};
		CFB04ED1A2C6524E5714A9FE /* Pods */ = {
			isa = PBXGroup;
			children = (
				93D199735C4B0D93F9C09ECD /* Pods-rob list.debug.xcconfig */,
				C3A4ED337BBFD7EBFEADAF53 /* Pods-rob list.release.xcconfig */,
				8E94D7E47FDF1F0A30880546 /* Pods-rob list-rob listUITests.debug.xcconfig */,
				D8DE7973A49303412BC4213D /* Pods-rob list-rob listUITests.release.xcconfig */,
				B0B5E0619DF045B1C7DDB28B /* Pods-rob listTests.debug.xcconfig */,
				348596D4A06B18CED4740993 /* Pods-rob listTests.release.xcconfig */,
			);
			path = Pods;
			sourceTree = "<group>";
		};
/* End PBXGroup section */

/* Begin PBXNativeTarget section */
		3CB77CAB2A66662F0065C8BC /* rob list */ = {
			isa = PBXNativeTarget;
			buildConfigurationList = 3CB77CD92A6666310065C8BC /* Build configuration list for PBXNativeTarget "rob list" */;
			buildPhases = (
				4CD44E5DE0BD89B754BD9566 /* [CP] Check Pods Manifest.lock */,
				3CB77CA82A66662F0065C8BC /* Sources */,
				3CB77CA92A66662F0065C8BC /* Frameworks */,
				3CB77CAA2A66662F0065C8BC /* Resources */,
				9778BB29963A7AEDB2EC8878 /* [CP] Embed Pods Frameworks */,
			);
			buildRules = (
			);
			dependencies = (
			);
			name = "rob list";
			productName = "rob list";
			productReference = 3CB77CAC2A66662F0065C8BC /* rob list.app */;
			productType = "com.apple.product-type.application";
		};
		3CB77CC42A6666310065C8BC /* rob listTests */ = {
			isa = PBXNativeTarget;
			buildConfigurationList = 3CB77CDC2A6666310065C8BC /* Build configuration list for PBXNativeTarget "rob listTests" */;
			buildPhases = (
				452502B78B1A220DF4413863 /* [CP] Check Pods Manifest.lock */,
				3CB77CC12A6666310065C8BC /* Sources */,
				3CB77CC22A6666310065C8BC /* Frameworks */,
				3CB77CC32A6666310065C8BC /* Resources */,
			);
			buildRules = (
			);
			dependencies = (
				3CB77CC72A6666310065C8BC /* PBXTargetDependency */,
			);
			name = "rob listTests";
			productName = "rob listTests";
			productReference = 3CB77CC52A6666310065C8BC /* rob listTests.xctest */;
			productType = "com.apple.product-type.bundle.unit-test";
		};
		3CB77CCE2A6666310065C8BC /* rob listUITests */ = {
			isa = PBXNativeTarget;
			buildConfigurationList = 3CB77CDF2A6666310065C8BC /* Build configuration list for PBXNativeTarget "rob listUITests" */;
			buildPhases = (
				4C4E889072AE1EE61587E7DF /* [CP] Check Pods Manifest.lock */,
				3CB77CCB2A6666310065C8BC /* Sources */,
				3CB77CCC2A6666310065C8BC /* Frameworks */,
				3CB77CCD2A6666310065C8BC /* Resources */,
				EA43677C2A8E66CCE641710A /* [CP] Embed Pods Frameworks */,
			);
			buildRules = (
			);
			dependencies = (
				3CB77CD12A6666310065C8BC /* PBXTargetDependency */,
			);
			name = "rob listUITests";
			productName = "rob listUITests";
			productReference = 3CB77CCF2A6666310065C8BC /* rob listUITests.xctest */;
			productType = "com.apple.product-type.bundle.ui-testing";
		};
/* End PBXNativeTarget section */

/* Begin PBXProject section */
		3CB77CA42A66662F0065C8BC /* Project object */ = {
			isa = PBXProject;
			attributes = {
				BuildIndependentTargetsInParallel = 1;
				LastSwiftUpdateCheck = 1430;
				LastUpgradeCheck = 1430;
				TargetAttributes = {
					3CB77CAB2A66662F0065C8BC = {
						CreatedOnToolsVersion = 14.3.1;
					};
					3CB77CC42A6666310065C8BC = {
						CreatedOnToolsVersion = 14.3.1;
						TestTargetID = 3CB77CAB2A66662F0065C8BC;
					};
					3CB77CCE2A6666310065C8BC = {
						CreatedOnToolsVersion = 14.3.1;
						TestTargetID = 3CB77CAB2A66662F0065C8BC;
					};
				};
			};
			buildConfigurationList = 3CB77CA72A66662F0065C8BC /* Build configuration list for PBXProject "rob list" */;
			compatibilityVersion = "Xcode 14.0";
			developmentRegion = en;
			hasScannedForEncodings = 0;
			knownRegions = (
				en,
				Base,
			);
			mainGroup = 3CB77CA32A66662F0065C8BC;
			productRefGroup = 3CB77CAD2A66662F0065C8BC /* Products */;
			projectDirPath = "";
			projectRoot = "";
			targets = (
				3CB77CAB2A66662F0065C8BC /* rob list */,
				3CB77CC42A6666310065C8BC /* rob listTests */,
				3CB77CCE2A6666310065C8BC /* rob listUITests */,
			);
		};
/* End PBXProject section */

/* Begin PBXResourcesBuildPhase section */
		3CB77CAA2A66662F0065C8BC /* Resources */ = {
			isa = PBXResourcesBuildPhase;
			buildActionMask = 2147483647;
			files = (
				3CB77CBF2A6666300065C8BC /* LaunchScreen.storyboard in Resources */,
				3CB77CBC2A6666300065C8BC /* Assets.xcassets in Resources */,
				3CB77CB72A66662F0065C8BC /* Main.storyboard in Resources */,
			);
			runOnlyForDeploymentPostprocessing = 0;
		};
		3CB77CC32A6666310065C8BC /* Resources */ = {
			isa = PBXResourcesBuildPhase;
			buildActionMask = 2147483647;
			files = (
			);
			runOnlyForDeploymentPostprocessing = 0;
		};
		3CB77CCD2A6666310065C8BC /* Resources */ = {
			isa = PBXResourcesBuildPhase;
			buildActionMask = 2147483647;
			files = (
			);
			runOnlyForDeploymentPostprocessing = 0;
		};
/* End PBXResourcesBuildPhase section */

/* Begin PBXShellScriptBuildPhase section */
		452502B78B1A220DF4413863 /* [CP] Check Pods Manifest.lock */ = {
			isa = PBXShellScriptBuildPhase;
			buildActionMask = 2147483647;
			files = (
			);
			inputFileListPaths = (
			);
			inputPaths = (
				"${PODS_PODFILE_DIR_PATH}/Podfile.lock",
				"${PODS_ROOT}/Manifest.lock",
			);
			name = "[CP] Check Pods Manifest.lock";
			outputFileListPaths = (
			);
			outputPaths = (
				"$(DERIVED_FILE_DIR)/Pods-rob listTests-checkManifestLockResult.txt",
			);
			runOnlyForDeploymentPostprocessing = 0;
			shellPath = /bin/sh;
			shellScript = "diff \"${PODS_PODFILE_DIR_PATH}/Podfile.lock\" \"${PODS_ROOT}/Manifest.lock\" > /dev/null\nif [ $? != 0 ] ; then\n    # print error to STDERR\n    echo \"error: The sandbox is not in sync with the Podfile.lock. Run 'pod install' or update your CocoaPods installation.\" >&2\n    exit 1\nfi\n# This output is used by Xcode 'outputs' to avoid re-running this script phase.\necho \"SUCCESS\" > \"${SCRIPT_OUTPUT_FILE_0}\"\n";
			showEnvVarsInLog = 0;
		};
		4C4E889072AE1EE61587E7DF /* [CP] Check Pods Manifest.lock */ = {
			isa = PBXShellScriptBuildPhase;
			buildActionMask = 2147483647;
			files = (
			);
			inputFileListPaths = (
			);
			inputPaths = (
				"${PODS_PODFILE_DIR_PATH}/Podfile.lock",
				"${PODS_ROOT}/Manifest.lock",
			);
			name = "[CP] Check Pods Manifest.lock";
			outputFileListPaths = (
			);
			outputPaths = (
				"$(DERIVED_FILE_DIR)/Pods-rob list-rob listUITests-checkManifestLockResult.txt",
			);
			runOnlyForDeploymentPostprocessing = 0;
			shellPath = /bin/sh;
			shellScript = "diff \"${PODS_PODFILE_DIR_PATH}/Podfile.lock\" \"${PODS_ROOT}/Manifest.lock\" > /dev/null\nif [ $? != 0 ] ; then\n    # print error to STDERR\n    echo \"error: The sandbox is not in sync with the Podfile.lock. Run 'pod install' or update your CocoaPods installation.\" >&2\n    exit 1\nfi\n# This output is used by Xcode 'outputs' to avoid re-running this script phase.\necho \"SUCCESS\" > \"${SCRIPT_OUTPUT_FILE_0}\"\n";
			showEnvVarsInLog = 0;
		};
		4CD44E5DE0BD89B754BD9566 /* [CP] Check Pods Manifest.lock */ = {
			isa = PBXShellScriptBuildPhase;
			buildActionMask = 2147483647;
			files = (
			);
			inputFileListPaths = (
			);
			inputPaths = (
				"${PODS_PODFILE_DIR_PATH}/Podfile.lock",
				"${PODS_ROOT}/Manifest.lock",
			);
			name = "[CP] Check Pods Manifest.lock";
			outputFileListPaths = (
			);
			outputPaths = (
				"$(DERIVED_FILE_DIR)/Pods-rob list-checkManifestLockResult.txt",
			);
			runOnlyForDeploymentPostprocessing = 0;
			shellPath = /bin/sh;
			shellScript = "diff \"${PODS_PODFILE_DIR_PATH}/Podfile.lock\" \"${PODS_ROOT}/Manifest.lock\" > /dev/null\nif [ $? != 0 ] ; then\n    # print error to STDERR\n    echo \"error: The sandbox is not in sync with the Podfile.lock. Run 'pod install' or update your CocoaPods installation.\" >&2\n    exit 1\nfi\n# This output is used by Xcode 'outputs' to avoid re-running this script phase.\necho \"SUCCESS\" > \"${SCRIPT_OUTPUT_FILE_0}\"\n";
			showEnvVarsInLog = 0;
		};
		9778BB29963A7AEDB2EC8878 /* [CP] Embed Pods Frameworks */ = {
			isa = PBXShellScriptBuildPhase;
			buildActionMask = 2147483647;
			files = (
			);
			inputFileListPaths = (
				"${PODS_ROOT}/Target Support Files/Pods-rob list/Pods-rob list-frameworks-${CONFIGURATION}-input-files.xcfilelist",
			);
			name = "[CP] Embed Pods Frameworks";
			outputFileListPaths = (
				"${PODS_ROOT}/Target Support Files/Pods-rob list/Pods-rob list-frameworks-${CONFIGURATION}-output-files.xcfilelist",
			);
			runOnlyForDeploymentPostprocessing = 0;
			shellPath = /bin/sh;
			shellScript = "\"${PODS_ROOT}/Target Support Files/Pods-rob list/Pods-rob list-frameworks.sh\"\n";
			showEnvVarsInLog = 0;
		};
		EA43677C2A8E66CCE641710A /* [CP] Embed Pods Frameworks */ = {
			isa = PBXShellScriptBuildPhase;
			buildActionMask = 2147483647;
			files = (
			);
			inputFileListPaths = (
				"${PODS_ROOT}/Target Support Files/Pods-rob list-rob listUITests/Pods-rob list-rob listUITests-frameworks-${CONFIGURATION}-input-files.xcfilelist",
			);
			name = "[CP] Embed Pods Frameworks";
			outputFileListPaths = (
				"${PODS_ROOT}/Target Support Files/Pods-rob list-rob listUITests/Pods-rob list-rob listUITests-frameworks-${CONFIGURATION}-output-files.xcfilelist",
			);
			runOnlyForDeploymentPostprocessing = 0;
			shellPath = /bin/sh;
			shellScript = "\"${PODS_ROOT}/Target Support Files/Pods-rob list-rob listUITests/Pods-rob list-rob listUITests-frameworks.sh\"\n";
			showEnvVarsInLog = 0;
		};
/* End PBXShellScriptBuildPhase section */

/* Begin PBXSourcesBuildPhase section */
		3CB77CA82A66662F0065C8BC /* Sources */ = {
			isa = PBXSourcesBuildPhase;
			buildActionMask = 2147483647;
			files = (
				3CC420D62A69F3C100CB1B4E /* dbDefinitions.swift in Sources */,
				3CB77CE82A6783B10065C8BC /* SearchViewController.swift in Sources */,
				3CB77CB42A66662F0065C8BC /* ViewController.swift in Sources */,
				3CB77CB02A66662F0065C8BC /* AppDelegate.swift in Sources */,
				3CB77CE42A6757810065C8BC /* FeedViewController.swift in Sources */,
				3CB77CEA2A67AEA70065C8BC /* ProfileViewController.swift in Sources */,
				3CB77CB22A66662F0065C8BC /* SceneDelegate.swift in Sources */,
				3CB77CBA2A66662F0065C8BC /* rob_list.xcdatamodeld in Sources */,
			);
			runOnlyForDeploymentPostprocessing = 0;
		};
		3CB77CC12A6666310065C8BC /* Sources */ = {
			isa = PBXSourcesBuildPhase;
			buildActionMask = 2147483647;
			files = (
				3CB77CCA2A6666310065C8BC /* rob_listTests.swift in Sources */,
			);
			runOnlyForDeploymentPostprocessing = 0;
		};
		3CB77CCB2A6666310065C8BC /* Sources */ = {
			isa = PBXSourcesBuildPhase;
			buildActionMask = 2147483647;
			files = (
				3CB77CD62A6666310065C8BC /* rob_listUITestsLaunchTests.swift in Sources */,
				3CB77CD42A6666310065C8BC /* rob_listUITests.swift in Sources */,
			);
			runOnlyForDeploymentPostprocessing = 0;
		};
/* End PBXSourcesBuildPhase section */

/* Begin PBXTargetDependency section */
		3CB77CC72A6666310065C8BC /* PBXTargetDependency */ = {
			isa = PBXTargetDependency;
			target = 3CB77CAB2A66662F0065C8BC /* rob list */;
			targetProxy = 3CB77CC62A6666310065C8BC /* PBXContainerItemProxy */;
		};
		3CB77CD12A6666310065C8BC /* PBXTargetDependency */ = {
			isa = PBXTargetDependency;
			target = 3CB77CAB2A66662F0065C8BC /* rob list */;
			targetProxy = 3CB77CD02A6666310065C8BC /* PBXContainerItemProxy */;
		};
/* End PBXTargetDependency section */

/* Begin PBXVariantGroup section */
		3CB77CB52A66662F0065C8BC /* Main.storyboard */ = {
			isa = PBXVariantGroup;
			children = (
				3CB77CB62A66662F0065C8BC /* Base */,
			);
			name = Main.storyboard;
			sourceTree = "<group>";
		};
		3CB77CBD2A6666300065C8BC /* LaunchScreen.storyboard */ = {
			isa = PBXVariantGroup;
			children = (
				3CB77CBE2A6666300065C8BC /* Base */,
			);
			name = LaunchScreen.storyboard;
			sourceTree = "<group>";
		};
/* End PBXVariantGroup section */

/* Begin XCBuildConfiguration section */
		3CB77CD72A6666310065C8BC /* Debug */ = {
			isa = XCBuildConfiguration;
			baseConfigurationReference = 3CC420D42A68F55300CB1B4E /* Config.xcconfig */;
			buildSettings = {
				ALWAYS_SEARCH_USER_PATHS = NO;
				CLANG_ANALYZER_NONNULL = YES;
				CLANG_ANALYZER_NUMBER_OBJECT_CONVERSION = YES_AGGRESSIVE;
				CLANG_CXX_LANGUAGE_STANDARD = "gnu++20";
				CLANG_ENABLE_MODULES = YES;
				CLANG_ENABLE_OBJC_ARC = YES;
				CLANG_ENABLE_OBJC_WEAK = YES;
				CLANG_WARN_BLOCK_CAPTURE_AUTORELEASING = YES;
				CLANG_WARN_BOOL_CONVERSION = YES;
				CLANG_WARN_COMMA = YES;
				CLANG_WARN_CONSTANT_CONVERSION = YES;
				CLANG_WARN_DEPRECATED_OBJC_IMPLEMENTATIONS = YES;
				CLANG_WARN_DIRECT_OBJC_ISA_USAGE = YES_ERROR;
				CLANG_WARN_DOCUMENTATION_COMMENTS = YES;
				CLANG_WARN_EMPTY_BODY = YES;
				CLANG_WARN_ENUM_CONVERSION = YES;
				CLANG_WARN_INFINITE_RECURSION = YES;
				CLANG_WARN_INT_CONVERSION = YES;
				CLANG_WARN_NON_LITERAL_NULL_CONVERSION = YES;
				CLANG_WARN_OBJC_IMPLICIT_RETAIN_SELF = YES;
				CLANG_WARN_OBJC_LITERAL_CONVERSION = YES;
				CLANG_WARN_OBJC_ROOT_CLASS = YES_ERROR;
				CLANG_WARN_QUOTED_INCLUDE_IN_FRAMEWORK_HEADER = YES;
				CLANG_WARN_RANGE_LOOP_ANALYSIS = YES;
				CLANG_WARN_STRICT_PROTOTYPES = YES;
				CLANG_WARN_SUSPICIOUS_MOVE = YES;
				CLANG_WARN_UNGUARDED_AVAILABILITY = YES_AGGRESSIVE;
				CLANG_WARN_UNREACHABLE_CODE = YES;
				CLANG_WARN__DUPLICATE_METHOD_MATCH = YES;
				COPY_PHASE_STRIP = NO;
				DEBUG_INFORMATION_FORMAT = dwarf;
				ENABLE_STRICT_OBJC_MSGSEND = YES;
				ENABLE_TESTABILITY = YES;
				GCC_C_LANGUAGE_STANDARD = gnu11;
				GCC_DYNAMIC_NO_PIC = NO;
				GCC_NO_COMMON_BLOCKS = YES;
				GCC_OPTIMIZATION_LEVEL = 0;
				GCC_PREPROCESSOR_DEFINITIONS = (
					"DEBUG=1",
					"$(inherited)",
				);
				GCC_WARN_64_TO_32_BIT_CONVERSION = YES;
				GCC_WARN_ABOUT_RETURN_TYPE = YES_ERROR;
				GCC_WARN_UNDECLARED_SELECTOR = YES;
				GCC_WARN_UNINITIALIZED_AUTOS = YES_AGGRESSIVE;
				GCC_WARN_UNUSED_FUNCTION = YES;
				GCC_WARN_UNUSED_VARIABLE = YES;
				IPHONEOS_DEPLOYMENT_TARGET = 16.4;
				MTL_ENABLE_DEBUG_INFO = INCLUDE_SOURCE;
				MTL_FAST_MATH = YES;
				ONLY_ACTIVE_ARCH = YES;
				SDKROOT = iphoneos;
				SWIFT_ACTIVE_COMPILATION_CONDITIONS = DEBUG;
				SWIFT_OPTIMIZATION_LEVEL = "-Onone";
			};
			name = Debug;
		};
		3CB77CD82A6666310065C8BC /* Release */ = {
			isa = XCBuildConfiguration;
			baseConfigurationReference = 3CC420D42A68F55300CB1B4E /* Config.xcconfig */;
			buildSettings = {
				ALWAYS_SEARCH_USER_PATHS = NO;
				CLANG_ANALYZER_NONNULL = YES;
				CLANG_ANALYZER_NUMBER_OBJECT_CONVERSION = YES_AGGRESSIVE;
				CLANG_CXX_LANGUAGE_STANDARD = "gnu++20";
				CLANG_ENABLE_MODULES = YES;
				CLANG_ENABLE_OBJC_ARC = YES;
				CLANG_ENABLE_OBJC_WEAK = YES;
				CLANG_WARN_BLOCK_CAPTURE_AUTORELEASING = YES;
				CLANG_WARN_BOOL_CONVERSION = YES;
				CLANG_WARN_COMMA = YES;
				CLANG_WARN_CONSTANT_CONVERSION = YES;
				CLANG_WARN_DEPRECATED_OBJC_IMPLEMENTATIONS = YES;
				CLANG_WARN_DIRECT_OBJC_ISA_USAGE = YES_ERROR;
				CLANG_WARN_DOCUMENTATION_COMMENTS = YES;
				CLANG_WARN_EMPTY_BODY = YES;
				CLANG_WARN_ENUM_CONVERSION = YES;
				CLANG_WARN_INFINITE_RECURSION = YES;
				CLANG_WARN_INT_CONVERSION = YES;
				CLANG_WARN_NON_LITERAL_NULL_CONVERSION = YES;
				CLANG_WARN_OBJC_IMPLICIT_RETAIN_SELF = YES;
				CLANG_WARN_OBJC_LITERAL_CONVERSION = YES;
				CLANG_WARN_OBJC_ROOT_CLASS = YES_ERROR;
				CLANG_WARN_QUOTED_INCLUDE_IN_FRAMEWORK_HEADER = YES;
				CLANG_WARN_RANGE_LOOP_ANALYSIS = YES;
				CLANG_WARN_STRICT_PROTOTYPES = YES;
				CLANG_WARN_SUSPICIOUS_MOVE = YES;
				CLANG_WARN_UNGUARDED_AVAILABILITY = YES_AGGRESSIVE;
				CLANG_WARN_UNREACHABLE_CODE = YES;
				CLANG_WARN__DUPLICATE_METHOD_MATCH = YES;
				COPY_PHASE_STRIP = NO;
				DEBUG_INFORMATION_FORMAT = "dwarf-with-dsym";
				ENABLE_NS_ASSERTIONS = NO;
				ENABLE_STRICT_OBJC_MSGSEND = YES;
				GCC_C_LANGUAGE_STANDARD = gnu11;
				GCC_NO_COMMON_BLOCKS = YES;
				GCC_WARN_64_TO_32_BIT_CONVERSION = YES;
				GCC_WARN_ABOUT_RETURN_TYPE = YES_ERROR;
				GCC_WARN_UNDECLARED_SELECTOR = YES;
				GCC_WARN_UNINITIALIZED_AUTOS = YES_AGGRESSIVE;
				GCC_WARN_UNUSED_FUNCTION = YES;
				GCC_WARN_UNUSED_VARIABLE = YES;
				IPHONEOS_DEPLOYMENT_TARGET = 16.4;
				MTL_ENABLE_DEBUG_INFO = NO;
				MTL_FAST_MATH = YES;
				SDKROOT = iphoneos;
				SWIFT_COMPILATION_MODE = wholemodule;
				SWIFT_OPTIMIZATION_LEVEL = "-O";
				VALIDATE_PRODUCT = YES;
			};
			name = Release;
		};
		3CB77CDA2A6666310065C8BC /* Debug */ = {
			isa = XCBuildConfiguration;
			baseConfigurationReference = 93D199735C4B0D93F9C09ECD /* Pods-rob list.debug.xcconfig */;
			buildSettings = {
				ASSETCATALOG_COMPILER_APPICON_NAME = AppIcon;
				ASSETCATALOG_COMPILER_GLOBAL_ACCENT_COLOR_NAME = AccentColor;
				CODE_SIGN_STYLE = Automatic;
				CURRENT_PROJECT_VERSION = 1;
				DEVELOPMENT_TEAM = N35QNY39Q8;
				GENERATE_INFOPLIST_FILE = YES;
				INFOPLIST_FILE = "rob list/Info.plist";
				INFOPLIST_KEY_UIApplicationSupportsIndirectInputEvents = YES;
				INFOPLIST_KEY_UILaunchStoryboardName = LaunchScreen;
				INFOPLIST_KEY_UIMainStoryboardFile = Main;
				INFOPLIST_KEY_UISupportedInterfaceOrientations_iPad = "UIInterfaceOrientationPortrait UIInterfaceOrientationPortraitUpsideDown UIInterfaceOrientationLandscapeLeft UIInterfaceOrientationLandscapeRight";
				INFOPLIST_KEY_UISupportedInterfaceOrientations_iPhone = "UIInterfaceOrientationPortrait UIInterfaceOrientationLandscapeLeft UIInterfaceOrientationLandscapeRight";
				LD_RUNPATH_SEARCH_PATHS = (
					"$(inherited)",
					"@executable_path/Frameworks",
				);
				MARKETING_VERSION = 1.0;
				PRODUCT_BUNDLE_IDENTIFIER = "vikt.rob-list";
				PRODUCT_NAME = "$(TARGET_NAME)";
				SWIFT_EMIT_LOC_STRINGS = YES;
				SWIFT_VERSION = 5.0;
				TARGETED_DEVICE_FAMILY = "1,2";
			};
			name = Debug;
		};
		3CB77CDB2A6666310065C8BC /* Release */ = {
			isa = XCBuildConfiguration;
			baseConfigurationReference = C3A4ED337BBFD7EBFEADAF53 /* Pods-rob list.release.xcconfig */;
			buildSettings = {
				ASSETCATALOG_COMPILER_APPICON_NAME = AppIcon;
				ASSETCATALOG_COMPILER_GLOBAL_ACCENT_COLOR_NAME = AccentColor;
				CODE_SIGN_STYLE = Automatic;
				CURRENT_PROJECT_VERSION = 1;
				DEVELOPMENT_TEAM = N35QNY39Q8;
				GENERATE_INFOPLIST_FILE = YES;
				INFOPLIST_FILE = "rob list/Info.plist";
				INFOPLIST_KEY_UIApplicationSupportsIndirectInputEvents = YES;
				INFOPLIST_KEY_UILaunchStoryboardName = LaunchScreen;
				INFOPLIST_KEY_UIMainStoryboardFile = Main;
				INFOPLIST_KEY_UISupportedInterfaceOrientations_iPad = "UIInterfaceOrientationPortrait UIInterfaceOrientationPortraitUpsideDown UIInterfaceOrientationLandscapeLeft UIInterfaceOrientationLandscapeRight";
				INFOPLIST_KEY_UISupportedInterfaceOrientations_iPhone = "UIInterfaceOrientationPortrait UIInterfaceOrientationLandscapeLeft UIInterfaceOrientationLandscapeRight";
				LD_RUNPATH_SEARCH_PATHS = (
					"$(inherited)",
					"@executable_path/Frameworks",
				);
				MARKETING_VERSION = 1.0;
				PRODUCT_BUNDLE_IDENTIFIER = "vikt.rob-list";
				PRODUCT_NAME = "$(TARGET_NAME)";
				SWIFT_EMIT_LOC_STRINGS = YES;
				SWIFT_VERSION = 5.0;
				TARGETED_DEVICE_FAMILY = "1,2";
			};
			name = Release;
		};
		3CB77CDD2A6666310065C8BC /* Debug */ = {
			isa = XCBuildConfiguration;
			baseConfigurationReference = B0B5E0619DF045B1C7DDB28B /* Pods-rob listTests.debug.xcconfig */;
			buildSettings = {
				ALWAYS_EMBED_SWIFT_STANDARD_LIBRARIES = YES;
				BUNDLE_LOADER = "$(TEST_HOST)";
				CODE_SIGN_STYLE = Automatic;
				CURRENT_PROJECT_VERSION = 1;
				DEVELOPMENT_TEAM = N35QNY39Q8;
				GENERATE_INFOPLIST_FILE = YES;
				IPHONEOS_DEPLOYMENT_TARGET = 16.4;
				MARKETING_VERSION = 1.0;
				PRODUCT_BUNDLE_IDENTIFIER = "vikt.rob-listTests";
				PRODUCT_NAME = "$(TARGET_NAME)";
				SWIFT_EMIT_LOC_STRINGS = NO;
				SWIFT_VERSION = 5.0;
				TARGETED_DEVICE_FAMILY = "1,2";
				TEST_HOST = "$(BUILT_PRODUCTS_DIR)/rob list.app/$(BUNDLE_EXECUTABLE_FOLDER_PATH)/rob list";
			};
			name = Debug;
		};
		3CB77CDE2A6666310065C8BC /* Release */ = {
			isa = XCBuildConfiguration;
			baseConfigurationReference = 348596D4A06B18CED4740993 /* Pods-rob listTests.release.xcconfig */;
			buildSettings = {
				ALWAYS_EMBED_SWIFT_STANDARD_LIBRARIES = YES;
				BUNDLE_LOADER = "$(TEST_HOST)";
				CODE_SIGN_STYLE = Automatic;
				CURRENT_PROJECT_VERSION = 1;
				DEVELOPMENT_TEAM = N35QNY39Q8;
				GENERATE_INFOPLIST_FILE = YES;
				IPHONEOS_DEPLOYMENT_TARGET = 16.4;
				MARKETING_VERSION = 1.0;
				PRODUCT_BUNDLE_IDENTIFIER = "vikt.rob-listTests";
				PRODUCT_NAME = "$(TARGET_NAME)";
				SWIFT_EMIT_LOC_STRINGS = NO;
				SWIFT_VERSION = 5.0;
				TARGETED_DEVICE_FAMILY = "1,2";
				TEST_HOST = "$(BUILT_PRODUCTS_DIR)/rob list.app/$(BUNDLE_EXECUTABLE_FOLDER_PATH)/rob list";
			};
			name = Release;
		};
		3CB77CE02A6666310065C8BC /* Debug */ = {
			isa = XCBuildConfiguration;
			baseConfigurationReference = 8E94D7E47FDF1F0A30880546 /* Pods-rob list-rob listUITests.debug.xcconfig */;
			buildSettings = {
				ALWAYS_EMBED_SWIFT_STANDARD_LIBRARIES = YES;
				CODE_SIGN_STYLE = Automatic;
				CURRENT_PROJECT_VERSION = 1;
				DEVELOPMENT_TEAM = N35QNY39Q8;
				GENERATE_INFOPLIST_FILE = YES;
				MARKETING_VERSION = 1.0;
				PRODUCT_BUNDLE_IDENTIFIER = "vikt.rob-listUITests";
				PRODUCT_NAME = "$(TARGET_NAME)";
				SWIFT_EMIT_LOC_STRINGS = NO;
				SWIFT_VERSION = 5.0;
				TARGETED_DEVICE_FAMILY = "1,2";
				TEST_TARGET_NAME = "rob list";
			};
			name = Debug;
		};
		3CB77CE12A6666310065C8BC /* Release */ = {
			isa = XCBuildConfiguration;
			baseConfigurationReference = D8DE7973A49303412BC4213D /* Pods-rob list-rob listUITests.release.xcconfig */;
			buildSettings = {
				ALWAYS_EMBED_SWIFT_STANDARD_LIBRARIES = YES;
				CODE_SIGN_STYLE = Automatic;
				CURRENT_PROJECT_VERSION = 1;
				DEVELOPMENT_TEAM = N35QNY39Q8;
				GENERATE_INFOPLIST_FILE = YES;
				MARKETING_VERSION = 1.0;
				PRODUCT_BUNDLE_IDENTIFIER = "vikt.rob-listUITests";
				PRODUCT_NAME = "$(TARGET_NAME)";
				SWIFT_EMIT_LOC_STRINGS = NO;
				SWIFT_VERSION = 5.0;
				TARGETED_DEVICE_FAMILY = "1,2";
				TEST_TARGET_NAME = "rob list";
			};
			name = Release;
		};
/* End XCBuildConfiguration section */

/* Begin XCConfigurationList section */
		3CB77CA72A66662F0065C8BC /* Build configuration list for PBXProject "rob list" */ = {
			isa = XCConfigurationList;
			buildConfigurations = (
				3CB77CD72A6666310065C8BC /* Debug */,
				3CB77CD82A6666310065C8BC /* Release */,
			);
			defaultConfigurationIsVisible = 0;
			defaultConfigurationName = Release;
		};
		3CB77CD92A6666310065C8BC /* Build configuration list for PBXNativeTarget "rob list" */ = {
			isa = XCConfigurationList;
			buildConfigurations = (
				3CB77CDA2A6666310065C8BC /* Debug */,
				3CB77CDB2A6666310065C8BC /* Release */,
			);
			defaultConfigurationIsVisible = 0;
			defaultConfigurationName = Release;
		};
		3CB77CDC2A6666310065C8BC /* Build configuration list for PBXNativeTarget "rob listTests" */ = {
			isa = XCConfigurationList;
			buildConfigurations = (
				3CB77CDD2A6666310065C8BC /* Debug */,
				3CB77CDE2A6666310065C8BC /* Release */,
			);
			defaultConfigurationIsVisible = 0;
			defaultConfigurationName = Release;
		};
		3CB77CDF2A6666310065C8BC /* Build configuration list for PBXNativeTarget "rob listUITests" */ = {
			isa = XCConfigurationList;
			buildConfigurations = (
				3CB77CE02A6666310065C8BC /* Debug */,
				3CB77CE12A6666310065C8BC /* Release */,
			);
			defaultConfigurationIsVisible = 0;
			defaultConfigurationName = Release;
		};
/* End XCConfigurationList section */

/* Begin XCVersionGroup section */
		3CB77CB82A66662F0065C8BC /* rob_list.xcdatamodeld */ = {
			isa = XCVersionGroup;
			children = (
				3CB77CB92A66662F0065C8BC /* rob_list.xcdatamodel */,
			);
			currentVersion = 3CB77CB92A66662F0065C8BC /* rob_list.xcdatamodel */;
			path = rob_list.xcdatamodeld;
			sourceTree = "<group>";
			versionGroupType = wrapper.xcdatamodel;
		};
/* End XCVersionGroup section */
	};
	rootObject = 3CB77CA42A66662F0065C8BC /* Project object */;
}
